
Microsoft Visual Studio Solution File, Format Version 12.00
# Visual Studio 2012
Project("{2150E333-8FDC-42A3-9474-1A3956D46DE8}") = "Build", "Build", "{F3C17C52-8428-442D-A989-9DEFC30B460D}"
	ProjectSection(SolutionItems) = preProject
		www\App_Config\Commands.config = www\App_Config\Commands.config
		www\App_Config\Include\CrunchPng.config = www\App_Config\Include\CrunchPng.config
		www\Web.config = www\Web.config
	EndProjectSection
EndProject
Project("{FAE04EC0-301F-11D3-BF4B-00C04F79EFBC}") = "CrunchPng", "www\sitecore modules\CrunchPng\CrunchPng.csproj", "{D4029B48-2167-42FD-8010-D9F0C84020BF}"
EndProject
Global
	GlobalSection(SolutionConfigurationPlatforms) = preSolution
		Debug|Any CPU = Debug|Any CPU
		Release|Any CPU = Release|Any CPU
	EndGlobalSection
	GlobalSection(ProjectConfigurationPlatforms) = postSolution
		{D4029B48-2167-42FD-8010-D9F0C84020BF}.Debug|Any CPU.ActiveCfg = Debug|Any CPU
		{D4029B48-2167-42FD-8010-D9F0C84020BF}.Debug|Any CPU.Build.0 = Debug|Any CPU
		{D4029B48-2167-42FD-8010-D9F0C84020BF}.Release|Any CPU.ActiveCfg = Release|Any CPU
		{D4029B48-2167-42FD-8010-D9F0C84020BF}.Release|Any CPU.Build.0 = Release|Any CPU
	EndGlobalSection
	GlobalSection(SolutionProperties) = preSolution
		HideSolutionNode = FALSE
	EndGlobalSection
	GlobalSection(ExtensibilityGlobals) = postSolution
		VisualSVNWorkingCopyRoot = .
	EndGlobalSection
EndGlobal
